
Microsoft Visual Studio Solution File, Format Version 12.00
# Visual Studio Version 17
VisualStudioVersion = 17.0.31903.59
MinimumVisualStudioVersion = 10.0.40219.1
Project("{FAE04EC0-301F-11D3-BF4B-00C04F79EFBC}") = "ContentLibrary", "ContentLibrary\ContentLibrary.csproj", "{EC49DF52-F77B-4A11-96D4-2E5D3736A293}"
EndProject
Project("{FAE04EC0-301F-11D3-BF4B-00C04F79EFBC}") = "Build", "Build\Build.csproj", "{E4367673-DDB7-4180-BCB7-958673FE4725}"
EndProject
Global
	GlobalSection(SolutionConfigurationPlatforms) = preSolution
		Debug|Any CPU = Debug|Any CPU
		Release|Any CPU = Release|Any CPU
	EndGlobalSection
	GlobalSection(SolutionProperties) = preSolution
		HideSolutionNode = FALSE
	EndGlobalSection
	GlobalSection(ProjectConfigurationPlatforms) = postSolution
		{EC49DF52-F77B-4A11-96D4-2E5D3736A293}.Debug|Any CPU.ActiveCfg = Debug|Any CPU
		{EC49DF52-F77B-4A11-96D4-2E5D3736A293}.Debug|Any CPU.Build.0 = Debug|Any CPU
		{EC49DF52-F77B-4A11-96D4-2E5D3736A293}.Release|Any CPU.ActiveCfg = Release|Any CPU
		{EC49DF52-F77B-4A11-96D4-2E5D3736A293}.Release|Any CPU.Build.0 = Release|Any CPU
		{E4367673-DDB7-4180-BCB7-958673FE4725}.Debug|Any CPU.ActiveCfg = Debug|Any CPU
		{E4367673-DDB7-4180-BCB7-958673FE4725}.Debug|Any CPU.Build.0 = Debug|Any CPU
		{E4367673-DDB7-4180-BCB7-958673FE4725}.Release|Any CPU.ActiveCfg = Release|Any CPU
		{E4367673-DDB7-4180-BCB7-958673FE4725}.Release|Any CPU.Build.0 = Release|Any CPU
	EndGlobalSection
EndGlobal
